
Microsoft Visual Studio Solution File, Format Version 12.00
# Visual Studio 15
VisualStudioVersion = 15.0.27004.2009
MinimumVisualStudioVersion = 10.0.40219.1
Project("{FAE04EC0-301F-11D3-BF4B-00C04F79EFBC}") = "SeriousMastermind", "SeriousMastermind\SeriousMastermind.csproj", "{A909615C-02D2-46F0-B38D-5DA1EBB8A1B8}"
EndProject
Global
	GlobalSection(SolutionConfigurationPlatforms) = preSolution
		Debug|Any CPU = Debug|Any CPU
		Release|Any CPU = Release|Any CPU
	EndGlobalSection
	GlobalSection(ProjectConfigurationPlatforms) = postSolution
		{A909615C-02D2-46F0-B38D-5DA1EBB8A1B8}.Debug|Any CPU.ActiveCfg = Debug|Any CPU
		{A909615C-02D2-46F0-B38D-5DA1EBB8A1B8}.Debug|Any CPU.Build.0 = Debug|Any CPU
		{A909615C-02D2-46F0-B38D-5DA1EBB8A1B8}.Debug|Any CPU.Deploy.0 = Debug|Any CPU
		{A909615C-02D2-46F0-B38D-5DA1EBB8A1B8}.Release|Any CPU.ActiveCfg = Release|Any CPU
		{A909615C-02D2-46F0-B38D-5DA1EBB8A1B8}.Release|Any CPU.Build.0 = Release|Any CPU
		{A909615C-02D2-46F0-B38D-5DA1EBB8A1B8}.Release|Any CPU.Deploy.0 = Release|Any CPU
	EndGlobalSection
	GlobalSection(SolutionProperties) = preSolution
		HideSolutionNode = FALSE
	EndGlobalSection
	GlobalSection(ExtensibilityGlobals) = postSolution
		SolutionGuid = {3FAA44FA-4DB2-49EC-AA1C-2DCD84CC985E}
	EndGlobalSection
EndGlobal
